// !$*UTF8*$!
{
	archiveVersion = 1;
	classes = {
	};
	objectVersion = 55;
	objects = {

/* Begin PBXBuildFile section */
		33AB1CD727770FEE00788ED8 /* AppDelegate.swift in Sources */ = {isa = PBXBuildFile; fileRef = 33AB1CD627770FEE00788ED8 /* AppDelegate.swift */; };
		33AB1CD927770FEE00788ED8 /* SceneDelegate.swift in Sources */ = {isa = PBXBuildFile; fileRef = 33AB1CD827770FEE00788ED8 /* SceneDelegate.swift */; };
		33AB1CDB27770FEE00788ED8 /* ViewController.swift in Sources */ = {isa = PBXBuildFile; fileRef = 33AB1CDA27770FEE00788ED8 /* ViewController.swift */; };
		33AB1CDE27770FEE00788ED8 /* Main.storyboard in Resources */ = {isa = PBXBuildFile; fileRef = 33AB1CDC27770FEE00788ED8 /* Main.storyboard */; };
		33AB1CE027770FF300788ED8 /* Assets.xcassets in Resources */ = {isa = PBXBuildFile; fileRef = 33AB1CDF27770FF300788ED8 /* Assets.xcassets */; };
		33AB1CE327770FF300788ED8 /* LaunchScreen.storyboard in Resources */ = {isa = PBXBuildFile; fileRef = 33AB1CE127770FF300788ED8 /* LaunchScreen.storyboard */; };
		33AB1CEE27770FF400788ED8 /* HW2Tests.swift in Sources */ = {isa = PBXBuildFile; fileRef = 33AB1CED27770FF400788ED8 /* HW2Tests.swift */; };
		33AB1CF827770FF400788ED8 /* HW2UITests.swift in Sources */ = {isa = PBXBuildFile; fileRef = 33AB1CF727770FF400788ED8 /* HW2UITests.swift */; };
		33AB1CFA27770FF400788ED8 /* HW2UITestsLaunchTests.swift in Sources */ = {isa = PBXBuildFile; fileRef = 33AB1CF927770FF400788ED8 /* HW2UITestsLaunchTests.swift */; };
		33AB1D072777111D00788ED8 /* SampleView.xib in Resources */ = {isa = PBXBuildFile; fileRef = 33AB1D062777111D00788ED8 /* SampleView.xib */; };
		33AB1D092777137600788ED8 /* SampleView.swift in Sources */ = {isa = PBXBuildFile; fileRef = 33AB1D082777137600788ED8 /* SampleView.swift */; };
/* End PBXBuildFile section */

/* Begin PBXContainerItemProxy section */
		33AB1CEA27770FF400788ED8 /* PBXContainerItemProxy */ = {
			isa = PBXContainerItemProxy;
			containerPortal = 33AB1CCB27770FED00788ED8 /* Project object */;
			proxyType = 1;
			remoteGlobalIDString = 33AB1CD227770FED00788ED8;
			remoteInfo = HW2;
		};
		33AB1CF427770FF400788ED8 /* PBXContainerItemProxy */ = {
			isa = PBXContainerItemProxy;
			containerPortal = 33AB1CCB27770FED00788ED8 /* Project object */;
			proxyType = 1;
			remoteGlobalIDString = 33AB1CD227770FED00788ED8;
			remoteInfo = HW2;
		};
/* End PBXContainerItemProxy section */

/* Begin PBXFileReference section */
		33AB1CD327770FEE00788ED8 /* HW2.app */ = {isa = PBXFileReference; explicitFileType = wrapper.application; includeInIndex = 0; path = HW2.app; sourceTree = BUILT_PRODUCTS_DIR; };
		33AB1CD627770FEE00788ED8 /* AppDelegate.swift */ = {isa = PBXFileReference; lastKnownFileType = sourcecode.swift; path = AppDelegate.swift; sourceTree = "<group>"; };
		33AB1CD827770FEE00788ED8 /* SceneDelegate.swift */ = {isa = PBXFileReference; lastKnownFileType = sourcecode.swift; path = SceneDelegate.swift; sourceTree = "<group>"; };
		33AB1CDA27770FEE00788ED8 /* ViewController.swift */ = {isa = PBXFileReference; lastKnownFileType = sourcecode.swift; path = ViewController.swift; sourceTree = "<group>"; };
		33AB1CDD27770FEE00788ED8 /* Base */ = {isa = PBXFileReference; lastKnownFileType = file.storyboard; name = Base; path = Base.lproj/Main.storyboard; sourceTree = "<group>"; };
		33AB1CDF27770FF300788ED8 /* Assets.xcassets */ = {isa = PBXFileReference; lastKnownFileType = folder.assetcatalog; path = Assets.xcassets; sourceTree = "<group>"; };
		33AB1CE227770FF300788ED8 /* Base */ = {isa = PBXFileReference; lastKnownFileType = file.storyboard; name = Base; path = Base.lproj/LaunchScreen.storyboard; sourceTree = "<group>"; };
		33AB1CE427770FF300788ED8 /* Info.plist */ = {isa = PBXFileReference; lastKnownFileType = text.plist.xml; path = Info.plist; sourceTree = "<group>"; };
		33AB1CE927770FF400788ED8 /* HW2Tests.xctest */ = {isa = PBXFileReference; explicitFileType = wrapper.cfbundle; includeInIndex = 0; path = HW2Tests.xctest; sourceTree = BUILT_PRODUCTS_DIR; };
		33AB1CED27770FF400788ED8 /* HW2Tests.swift */ = {isa = PBXFileReference; lastKnownFileType = sourcecode.swift; path = HW2Tests.swift; sourceTree = "<group>"; };
		33AB1CF327770FF400788ED8 /* HW2UITests.xctest */ = {isa = PBXFileReference; explicitFileType = wrapper.cfbundle; includeInIndex = 0; path = HW2UITests.xctest; sourceTree = BUILT_PRODUCTS_DIR; };
		33AB1CF727770FF400788ED8 /* HW2UITests.swift */ = {isa = PBXFileReference; lastKnownFileType = sourcecode.swift; path = HW2UITests.swift; sourceTree = "<group>"; };
		33AB1CF927770FF400788ED8 /* HW2UITestsLaunchTests.swift */ = {isa = PBXFileReference; lastKnownFileType = sourcecode.swift; path = HW2UITestsLaunchTests.swift; sourceTree = "<group>"; };
		33AB1D062777111D00788ED8 /* SampleView.xib */ = {isa = PBXFileReference; lastKnownFileType = file.xib; path = SampleView.xib; sourceTree = "<group>"; };
		33AB1D082777137600788ED8 /* SampleView.swift */ = {isa = PBXFileReference; lastKnownFileType = sourcecode.swift; path = SampleView.swift; sourceTree = "<group>"; };
/* End PBXFileReference section */

/* Begin PBXFrameworksBuildPhase section */
		33AB1CD027770FED00788ED8 /* Frameworks */ = {
			isa = PBXFrameworksBuildPhase;
			buildActionMask = 2147483647;
			files = (
			);
			runOnlyForDeploymentPostprocessing = 0;
		};
		33AB1CE627770FF400788ED8 /* Frameworks */ = {
			isa = PBXFrameworksBuildPhase;
			buildActionMask = 2147483647;
			files = (
			);
			runOnlyForDeploymentPostprocessing = 0;
		};
		33AB1CF027770FF400788ED8 /* Frameworks */ = {
			isa = PBXFrameworksBuildPhase;
			buildActionMask = 2147483647;
			files = (
			);
			runOnlyForDeploymentPostprocessing = 0;
		};
/* End PBXFrameworksBuildPhase section */

/* Begin PBXGroup section */
		33AB1CCA27770FED00788ED8 = {
			isa = PBXGroup;
			children = (
				33AB1CD527770FEE00788ED8 /* HW2 */,
				33AB1CEC27770FF400788ED8 /* HW2Tests */,
				33AB1CF627770FF400788ED8 /* HW2UITests */,
				33AB1CD427770FEE00788ED8 /* Products */,
			);
			sourceTree = "<group>";
		};
		33AB1CD427770FEE00788ED8 /* Products */ = {
			isa = PBXGroup;
			children = (
				33AB1CD327770FEE00788ED8 /* HW2.app */,
				33AB1CE927770FF400788ED8 /* HW2Tests.xctest */,
				33AB1CF327770FF400788ED8 /* HW2UITests.xctest */,
			);
			name = Products;
			sourceTree = "<group>";
		};
		33AB1CD527770FEE00788ED8 /* HW2 */ = {
			isa = PBXGroup;
			children = (
				33AB1D082777137600788ED8 /* SampleView.swift */,
				33AB1D062777111D00788ED8 /* SampleView.xib */,
				33AB1CD627770FEE00788ED8 /* AppDelegate.swift */,
				33AB1CD827770FEE00788ED8 /* SceneDelegate.swift */,
				33AB1CDA27770FEE00788ED8 /* ViewController.swift */,
				33AB1CDC27770FEE00788ED8 /* Main.storyboard */,
				33AB1CDF27770FF300788ED8 /* Assets.xcassets */,
				33AB1CE127770FF300788ED8 /* LaunchScreen.storyboard */,
				33AB1CE427770FF300788ED8 /* Info.plist */,
			);
			path = HW2;
			sourceTree = "<group>";
		};
		33AB1CEC27770FF400788ED8 /* HW2Tests */ = {
			isa = PBXGroup;
			children = (
				33AB1CED27770FF400788ED8 /* HW2Tests.swift */,
			);
			path = HW2Tests;
			sourceTree = "<group>";
		};
		33AB1CF627770FF400788ED8 /* HW2UITests */ = {
			isa = PBXGroup;
			children = (
				33AB1CF727770FF400788ED8 /* HW2UITests.swift */,
				33AB1CF927770FF400788ED8 /* HW2UITestsLaunchTests.swift */,
			);
			path = HW2UITests;
			sourceTree = "<group>";
		};
/* End PBXGroup section */

/* Begin PBXNativeTarget section */
		33AB1CD227770FED00788ED8 /* HW2 */ = {
			isa = PBXNativeTarget;
			buildConfigurationList = 33AB1CFD27770FF400788ED8 /* Build configuration list for PBXNativeTarget "HW2" */;
			buildPhases = (
				33AB1CCF27770FED00788ED8 /* Sources */,
				33AB1CD027770FED00788ED8 /* Frameworks */,
				33AB1CD127770FED00788ED8 /* Resources */,
			);
			buildRules = (
			);
			dependencies = (
			);
			name = HW2;
			productName = HW2;
			productReference = 33AB1CD327770FEE00788ED8 /* HW2.app */;
			productType = "com.apple.product-type.application";
		};
		33AB1CE827770FF400788ED8 /* HW2Tests */ = {
			isa = PBXNativeTarget;
			buildConfigurationList = 33AB1D0027770FF400788ED8 /* Build configuration list for PBXNativeTarget "HW2Tests" */;
			buildPhases = (
				33AB1CE527770FF400788ED8 /* Sources */,
				33AB1CE627770FF400788ED8 /* Frameworks */,
				33AB1CE727770FF400788ED8 /* Resources */,
			);
			buildRules = (
			);
			dependencies = (
				33AB1CEB27770FF400788ED8 /* PBXTargetDependency */,
			);
			name = HW2Tests;
			productName = HW2Tests;
			productReference = 33AB1CE927770FF400788ED8 /* HW2Tests.xctest */;
			productType = "com.apple.product-type.bundle.unit-test";
		};
		33AB1CF227770FF400788ED8 /* HW2UITests */ = {
			isa = PBXNativeTarget;
			buildConfigurationList = 33AB1D0327770FF400788ED8 /* Build configuration list for PBXNativeTarget "HW2UITests" */;
			buildPhases = (
				33AB1CEF27770FF400788ED8 /* Sources */,
				33AB1CF027770FF400788ED8 /* Frameworks */,
				33AB1CF127770FF400788ED8 /* Resources */,
			);
			buildRules = (
			);
			dependencies = (
				33AB1CF527770FF400788ED8 /* PBXTargetDependency */,
			);
			name = HW2UITests;
			productName = HW2UITests;
			productReference = 33AB1CF327770FF400788ED8 /* HW2UITests.xctest */;
			productType = "com.apple.product-type.bundle.ui-testing";
		};
/* End PBXNativeTarget section */

/* Begin PBXProject section */
		33AB1CCB27770FED00788ED8 /* Project object */ = {
			isa = PBXProject;
			attributes = {
				BuildIndependentTargetsInParallel = 1;
				LastSwiftUpdateCheck = 1310;
				LastUpgradeCheck = 1310;
				TargetAttributes = {
					33AB1CD227770FED00788ED8 = {
						CreatedOnToolsVersion = 13.1;
					};
					33AB1CE827770FF400788ED8 = {
						CreatedOnToolsVersion = 13.1;
						TestTargetID = 33AB1CD227770FED00788ED8;
					};
					33AB1CF227770FF400788ED8 = {
						CreatedOnToolsVersion = 13.1;
						TestTargetID = 33AB1CD227770FED00788ED8;
					};
				};
			};
			buildConfigurationList = 33AB1CCE27770FED00788ED8 /* Build configuration list for PBXProject "HW2" */;
			compatibilityVersion = "Xcode 13.0";
			developmentRegion = en;
			hasScannedForEncodings = 0;
			knownRegions = (
				en,
				Base,
			);
			mainGroup = 33AB1CCA27770FED00788ED8;
			productRefGroup = 33AB1CD427770FEE00788ED8 /* Products */;
			projectDirPath = "";
			projectRoot = "";
			targets = (
				33AB1CD227770FED00788ED8 /* HW2 */,
				33AB1CE827770FF400788ED8 /* HW2Tests */,
				33AB1CF227770FF400788ED8 /* HW2UITests */,
			);
		};
/* End PBXProject section */

/* Begin PBXResourcesBuildPhase section */
		33AB1CD127770FED00788ED8 /* Resources */ = {
			isa = PBXResourcesBuildPhase;
			buildActionMask = 2147483647;
			files = (
				33AB1D072777111D00788ED8 /* SampleView.xib in Resources */,
				33AB1CE327770FF300788ED8 /* LaunchScreen.storyboard in Resources */,
				33AB1CE027770FF300788ED8 /* Assets.xcassets in Resources */,
				33AB1CDE27770FEE00788ED8 /* Main.storyboard in Resources */,
			);
			runOnlyForDeploymentPostprocessing = 0;
		};
		33AB1CE727770FF400788ED8 /* Resources */ = {
			isa = PBXResourcesBuildPhase;
			buildActionMask = 2147483647;
			files = (
			);
			runOnlyForDeploymentPostprocessing = 0;
		};
		33AB1CF127770FF400788ED8 /* Resources */ = {
			isa = PBXResourcesBuildPhase;
			buildActionMask = 2147483647;
			files = (
			);
			runOnlyForDeploymentPostprocessing = 0;
		};
/* End PBXResourcesBuildPhase section */

/* Begin PBXSourcesBuildPhase section */
		33AB1CCF27770FED00788ED8 /* Sources */ = {
			isa = PBXSourcesBuildPhase;
			buildActionMask = 2147483647;
			files = (
				33AB1D092777137600788ED8 /* SampleView.swift in Sources */,
				33AB1CDB27770FEE00788ED8 /* ViewController.swift in Sources */,
				33AB1CD727770FEE00788ED8 /* AppDelegate.swift in Sources */,
				33AB1CD927770FEE00788ED8 /* SceneDelegate.swift in Sources */,
			);
			runOnlyForDeploymentPostprocessing = 0;
		};
		33AB1CE527770FF400788ED8 /* Sources */ = {
			isa = PBXSourcesBuildPhase;
			buildActionMask = 2147483647;
			files = (
				33AB1CEE27770FF400788ED8 /* HW2Tests.swift in Sources */,
			);
			runOnlyForDeploymentPostprocessing = 0;
		};
		33AB1CEF27770FF400788ED8 /* Sources */ = {
			isa = PBXSourcesBuildPhase;
			buildActionMask = 2147483647;
			files = (
				33AB1CFA27770FF400788ED8 /* HW2UITestsLaunchTests.swift in Sources */,
				33AB1CF827770FF400788ED8 /* HW2UITests.swift in Sources */,
			);
			runOnlyForDeploymentPostprocessing = 0;
		};
/* End PBXSourcesBuildPhase section */

/* Begin PBXTargetDependency section */
		33AB1CEB27770FF400788ED8 /* PBXTargetDependency */ = {
			isa = PBXTargetDependency;
			target = 33AB1CD227770FED00788ED8 /* HW2 */;
			targetProxy = 33AB1CEA27770FF400788ED8 /* PBXContainerItemProxy */;
		};
		33AB1CF527770FF400788ED8 /* PBXTargetDependency */ = {
			isa = PBXTargetDependency;
			target = 33AB1CD227770FED00788ED8 /* HW2 */;
			targetProxy = 33AB1CF427770FF400788ED8 /* PBXContainerItemProxy */;
		};
/* End PBXTargetDependency section */

/* Begin PBXVariantGroup section */
		33AB1CDC27770FEE00788ED8 /* Main.storyboard */ = {
			isa = PBXVariantGroup;
			children = (
				33AB1CDD27770FEE00788ED8 /* Base */,
			);
			name = Main.storyboard;
			sourceTree = "<group>";
		};
		33AB1CE127770FF300788ED8 /* LaunchScreen.storyboard */ = {
			isa = PBXVariantGroup;
			children = (
				33AB1CE227770FF300788ED8 /* Base */,
			);
			name = LaunchScreen.storyboard;
			sourceTree = "<group>";
		};
/* End PBXVariantGroup section */

/* Begin XCBuildConfiguration section */
		33AB1CFB27770FF400788ED8 /* Debug */ = {
			isa = XCBuildConfiguration;
			buildSettings = {
				ALWAYS_SEARCH_USER_PATHS = NO;
				CLANG_ANALYZER_NONNULL = YES;
				CLANG_ANALYZER_NUMBER_OBJECT_CONVERSION = YES_AGGRESSIVE;
				CLANG_CXX_LANGUAGE_STANDARD = "gnu++17";
				CLANG_CXX_LIBRARY = "libc++";
				CLANG_ENABLE_MODULES = YES;
				CLANG_ENABLE_OBJC_ARC = YES;
				CLANG_ENABLE_OBJC_WEAK = YES;
				CLANG_WARN_BLOCK_CAPTURE_AUTORELEASING = YES;
				CLANG_WARN_BOOL_CONVERSION = YES;
				CLANG_WARN_COMMA = YES;
				CLANG_WARN_CONSTANT_CONVERSION = YES;
				CLANG_WARN_DEPRECATED_OBJC_IMPLEMENTATIONS = YES;
				CLANG_WARN_DIRECT_OBJC_ISA_USAGE = YES_ERROR;
				CLANG_WARN_DOCUMENTATION_COMMENTS = YES;
				CLANG_WARN_EMPTY_BODY = YES;
				CLANG_WARN_ENUM_CONVERSION = YES;
				CLANG_WARN_INFINITE_RECURSION = YES;
				CLANG_WARN_INT_CONVERSION = YES;
				CLANG_WARN_NON_LITERAL_NULL_CONVERSION = YES;
				CLANG_WARN_OBJC_IMPLICIT_RETAIN_SELF = YES;
				CLANG_WARN_OBJC_LITERAL_CONVERSION = YES;
				CLANG_WARN_OBJC_ROOT_CLASS = YES_ERROR;
				CLANG_WARN_QUOTED_INCLUDE_IN_FRAMEWORK_HEADER = YES;
				CLANG_WARN_RANGE_LOOP_ANALYSIS = YES;
				CLANG_WARN_STRICT_PROTOTYPES = YES;
				CLANG_WARN_SUSPICIOUS_MOVE = YES;
				CLANG_WARN_UNGUARDED_AVAILABILITY = YES_AGGRESSIVE;
				CLANG_WARN_UNREACHABLE_CODE = YES;
				CLANG_WARN__DUPLICATE_METHOD_MATCH = YES;
				COPY_PHASE_STRIP = NO;
				DEBUG_INFORMATION_FORMAT = dwarf;
				ENABLE_STRICT_OBJC_MSGSEND = YES;
				ENABLE_TESTABILITY = YES;
				GCC_C_LANGUAGE_STANDARD = gnu11;
				GCC_DYNAMIC_NO_PIC = NO;
				GCC_NO_COMMON_BLOCKS = YES;
				GCC_OPTIMIZATION_LEVEL = 0;
				GCC_PREPROCESSOR_DEFINITIONS = (
					"DEBUG=1",
					"$(inherited)",
				);
				GCC_WARN_64_TO_32_BIT_CONVERSION = YES;
				GCC_WARN_ABOUT_RETURN_TYPE = YES_ERROR;
				GCC_WARN_UNDECLARED_SELECTOR = YES;
				GCC_WARN_UNINITIALIZED_AUTOS = YES_AGGRESSIVE;
				GCC_WARN_UNUSED_FUNCTION = YES;
				GCC_WARN_UNUSED_VARIABLE = YES;
				IPHONEOS_DEPLOYMENT_TARGET = 15.0;
				MTL_ENABLE_DEBUG_INFO = INCLUDE_SOURCE;
				MTL_FAST_MATH = YES;
				ONLY_ACTIVE_ARCH = YES;
				SDKROOT = iphoneos;
				SWIFT_ACTIVE_COMPILATION_CONDITIONS = DEBUG;
				SWIFT_OPTIMIZATION_LEVEL = "-Onone";
			};
			name = Debug;
		};
		33AB1CFC27770FF400788ED8 /* Release */ = {
			isa = XCBuildConfiguration;
			buildSettings = {
				ALWAYS_SEARCH_USER_PATHS = NO;
				CLANG_ANALYZER_NONNULL = YES;
				CLANG_ANALYZER_NUMBER_OBJECT_CONVERSION = YES_AGGRESSIVE;
				CLANG_CXX_LANGUAGE_STANDARD = "gnu++17";
				CLANG_CXX_LIBRARY = "libc++";
				CLANG_ENABLE_MODULES = YES;
				CLANG_ENABLE_OBJC_ARC = YES;
				CLANG_ENABLE_OBJC_WEAK = YES;
				CLANG_WARN_BLOCK_CAPTURE_AUTORELEASING = YES;
				CLANG_WARN_BOOL_CONVERSION = YES;
				CLANG_WARN_COMMA = YES;
				CLANG_WARN_CONSTANT_CONVERSION = YES;
				CLANG_WARN_DEPRECATED_OBJC_IMPLEMENTATIONS = YES;
				CLANG_WARN_DIRECT_OBJC_ISA_USAGE = YES_ERROR;
				CLANG_WARN_DOCUMENTATION_COMMENTS = YES;
				CLANG_WARN_EMPTY_BODY = YES;
				CLANG_WARN_ENUM_CONVERSION = YES;
				CLANG_WARN_INFINITE_RECURSION = YES;
				CLANG_WARN_INT_CONVERSION = YES;
				CLANG_WARN_NON_LITERAL_NULL_CONVERSION = YES;
				CLANG_WARN_OBJC_IMPLICIT_RETAIN_SELF = YES;
				CLANG_WARN_OBJC_LITERAL_CONVERSION = YES;
				CLANG_WARN_OBJC_ROOT_CLASS = YES_ERROR;
				CLANG_WARN_QUOTED_INCLUDE_IN_FRAMEWORK_HEADER = YES;
				CLANG_WARN_RANGE_LOOP_ANALYSIS = YES;
				CLANG_WARN_STRICT_PROTOTYPES = YES;
				CLANG_WARN_SUSPICIOUS_MOVE = YES;
				CLANG_WARN_UNGUARDED_AVAILABILITY = YES_AGGRESSIVE;
				CLANG_WARN_UNREACHABLE_CODE = YES;
				CLANG_WARN__DUPLICATE_METHOD_MATCH = YES;
				COPY_PHASE_STRIP = NO;
				DEBUG_INFORMATION_FORMAT = "dwarf-with-dsym";
				ENABLE_NS_ASSERTIONS = NO;
				ENABLE_STRICT_OBJC_MSGSEND = YES;
				GCC_C_LANGUAGE_STANDARD = gnu11;
				GCC_NO_COMMON_BLOCKS = YES;
				GCC_WARN_64_TO_32_BIT_CONVERSION = YES;
				GCC_WARN_ABOUT_RETURN_TYPE = YES_ERROR;
				GCC_WARN_UNDECLARED_SELECTOR = YES;
				GCC_WARN_UNINITIALIZED_AUTOS = YES_AGGRESSIVE;
				GCC_WARN_UNUSED_FUNCTION = YES;
				GCC_WARN_UNUSED_VARIABLE = YES;
				IPHONEOS_DEPLOYMENT_TARGET = 15.0;
				MTL_ENABLE_DEBUG_INFO = NO;
				MTL_FAST_MATH = YES;
				SDKROOT = iphoneos;
				SWIFT_COMPILATION_MODE = wholemodule;
				SWIFT_OPTIMIZATION_LEVEL = "-O";
				VALIDATE_PRODUCT = YES;
			};
			name = Release;
		};
		33AB1CFE27770FF400788ED8 /* Debug */ = {
			isa = XCBuildConfiguration;
			buildSettings = {
				ASSETCATALOG_COMPILER_APPICON_NAME = AppIcon;
				ASSETCATALOG_COMPILER_GLOBAL_ACCENT_COLOR_NAME = AccentColor;
				CODE_SIGN_STYLE = Automatic;
				CURRENT_PROJECT_VERSION = 1;
				GENERATE_INFOPLIST_FILE = YES;
				INFOPLIST_FILE = HW2/Info.plist;
				INFOPLIST_KEY_UIApplicationSupportsIndirectInputEvents = YES;
				INFOPLIST_KEY_UILaunchStoryboardName = LaunchScreen;
				INFOPLIST_KEY_UIMainStoryboardFile = Main;
				INFOPLIST_KEY_UISupportedInterfaceOrientations_iPad = "UIInterfaceOrientationPortrait UIInterfaceOrientationPortraitUpsideDown UIInterfaceOrientationLandscapeLeft UIInterfaceOrientationLandscapeRight";
				INFOPLIST_KEY_UISupportedInterfaceOrientations_iPhone = "UIInterfaceOrientationPortrait UIInterfaceOrientationLandscapeLeft UIInterfaceOrientationLandscapeRight";
				LD_RUNPATH_SEARCH_PATHS = (
					"$(inherited)",
					"@executable_path/Frameworks",
				);
				MARKETING_VERSION = 1.0;
				PRODUCT_BUNDLE_IDENTIFIER = Parlaks.HW2;
				PRODUCT_NAME = "$(TARGET_NAME)";
				SWIFT_EMIT_LOC_STRINGS = YES;
				SWIFT_VERSION = 5.0;
				TARGETED_DEVICE_FAMILY = "1,2";
			};
			name = Debug;
		};
		33AB1CFF27770FF400788ED8 /* Release */ = {
			isa = XCBuildConfiguration;
			buildSettings = {
				ASSETCATALOG_COMPILER_APPICON_NAME = AppIcon;
				ASSETCATALOG_COMPILER_GLOBAL_ACCENT_COLOR_NAME = AccentColor;
				CODE_SIGN_STYLE = Automatic;
				CURRENT_PROJECT_VERSION = 1;
				GENERATE_INFOPLIST_FILE = YES;
				INFOPLIST_FILE = HW2/Info.plist;
				INFOPLIST_KEY_UIApplicationSupportsIndirectInputEvents = YES;
				INFOPLIST_KEY_UILaunchStoryboardName = LaunchScreen;
				INFOPLIST_KEY_UIMainStoryboardFile = Main;
				INFOPLIST_KEY_UISupportedInterfaceOrientations_iPad = "UIInterfaceOrientationPortrait UIInterfaceOrientationPortraitUpsideDown UIInterfaceOrientationLandscapeLeft UIInterfaceOrientationLandscapeRight";
				INFOPLIST_KEY_UISupportedInterfaceOrientations_iPhone = "UIInterfaceOrientationPortrait UIInterfaceOrientationLandscapeLeft UIInterfaceOrientationLandscapeRight";
				LD_RUNPATH_SEARCH_PATHS = (
					"$(inherited)",
					"@executable_path/Frameworks",
				);
				MARKETING_VERSION = 1.0;
				PRODUCT_BUNDLE_IDENTIFIER = Parlaks.HW2;
				PRODUCT_NAME = "$(TARGET_NAME)";
				SWIFT_EMIT_LOC_STRINGS = YES;
				SWIFT_VERSION = 5.0;
				TARGETED_DEVICE_FAMILY = "1,2";
			};
			name = Release;
		};
		33AB1D0127770FF400788ED8 /* Debug */ = {
			isa = XCBuildConfiguration;
			buildSettings = {
				ALWAYS_EMBED_SWIFT_STANDARD_LIBRARIES = YES;
				BUNDLE_LOADER = "$(TEST_HOST)";
				CODE_SIGN_STYLE = Automatic;
				CURRENT_PROJECT_VERSION = 1;
				GENERATE_INFOPLIST_FILE = YES;
				IPHONEOS_DEPLOYMENT_TARGET = 15.0;
				LD_RUNPATH_SEARCH_PATHS = (
					"$(inherited)",
					"@executable_path/Frameworks",
					"@loader_path/Frameworks",
				);
				MARKETING_VERSION = 1.0;
				PRODUCT_BUNDLE_IDENTIFIER = Parlaks.HW2Tests;
				PRODUCT_NAME = "$(TARGET_NAME)";
				SWIFT_EMIT_LOC_STRINGS = NO;
				SWIFT_VERSION = 5.0;
				TARGETED_DEVICE_FAMILY = "1,2";
				TEST_HOST = "$(BUILT_PRODUCTS_DIR)/HW2.app/HW2";
			};
			name = Debug;
		};
		33AB1D0227770FF400788ED8 /* Release */ = {
			isa = XCBuildConfiguration;
			buildSettings = {
				ALWAYS_EMBED_SWIFT_STANDARD_LIBRARIES = YES;
				BUNDLE_LOADER = "$(TEST_HOST)";
				CODE_SIGN_STYLE = Automatic;
				CURRENT_PROJECT_VERSION = 1;
				GENERATE_INFOPLIST_FILE = YES;
				IPHONEOS_DEPLOYMENT_TARGET = 15.0;
				LD_RUNPATH_SEARCH_PATHS = (
					"$(inherited)",
					"@executable_path/Frameworks",
					"@loader_path/Frameworks",
				);
				MARKETING_VERSION = 1.0;
				PRODUCT_BUNDLE_IDENTIFIER = Parlaks.HW2Tests;
				PRODUCT_NAME = "$(TARGET_NAME)";
				SWIFT_EMIT_LOC_STRINGS = NO;
				SWIFT_VERSION = 5.0;
				TARGETED_DEVICE_FAMILY = "1,2";
				TEST_HOST = "$(BUILT_PRODUCTS_DIR)/HW2.app/HW2";
			};
			name = Release;
		};
		33AB1D0427770FF400788ED8 /* Debug */ = {
			isa = XCBuildConfiguration;
			buildSettings = {
				ALWAYS_EMBED_SWIFT_STANDARD_LIBRARIES = YES;
				CODE_SIGN_STYLE = Automatic;
				CURRENT_PROJECT_VERSION = 1;
				GENERATE_INFOPLIST_FILE = YES;
				LD_RUNPATH_SEARCH_PATHS = (
					"$(inherited)",
					"@executable_path/Frameworks",
					"@loader_path/Frameworks",
				);
				MARKETING_VERSION = 1.0;
				PRODUCT_BUNDLE_IDENTIFIER = Parlaks.HW2UITests;
				PRODUCT_NAME = "$(TARGET_NAME)";
				SWIFT_EMIT_LOC_STRINGS = NO;
				SWIFT_VERSION = 5.0;
				TARGETED_DEVICE_FAMILY = "1,2";
				TEST_TARGET_NAME = HW2;
			};
			name = Debug;
		};
		33AB1D0527770FF400788ED8 /* Release */ = {
			isa = XCBuildConfiguration;
			buildSettings = {
				ALWAYS_EMBED_SWIFT_STANDARD_LIBRARIES = YES;
				CODE_SIGN_STYLE = Automatic;
				CURRENT_PROJECT_VERSION = 1;
				GENERATE_INFOPLIST_FILE = YES;
				LD_RUNPATH_SEARCH_PATHS = (
					"$(inherited)",
					"@executable_path/Frameworks",
					"@loader_path/Frameworks",
				);
				MARKETING_VERSION = 1.0;
				PRODUCT_BUNDLE_IDENTIFIER = Parlaks.HW2UITests;
				PRODUCT_NAME = "$(TARGET_NAME)";
				SWIFT_EMIT_LOC_STRINGS = NO;
				SWIFT_VERSION = 5.0;
				TARGETED_DEVICE_FAMILY = "1,2";
				TEST_TARGET_NAME = HW2;
			};
			name = Release;
		};
/* End XCBuildConfiguration section */

/* Begin XCConfigurationList section */
		33AB1CCE27770FED00788ED8 /* Build configuration list for PBXProject "HW2" */ = {
			isa = XCConfigurationList;
			buildConfigurations = (
				33AB1CFB27770FF400788ED8 /* Debug */,
				33AB1CFC27770FF400788ED8 /* Release */,
			);
			defaultConfigurationIsVisible = 0;
			defaultConfigurationName = Release;
		};
		33AB1CFD27770FF400788ED8 /* Build configuration list for PBXNativeTarget "HW2" */ = {
			isa = XCConfigurationList;
			buildConfigurations = (
				33AB1CFE27770FF400788ED8 /* Debug */,
				33AB1CFF27770FF400788ED8 /* Release */,
			);
			defaultConfigurationIsVisible = 0;
			defaultConfigurationName = Release;
		};
		33AB1D0027770FF400788ED8 /* Build configuration list for PBXNativeTarget "HW2Tests" */ = {
			isa = XCConfigurationList;
			buildConfigurations = (
				33AB1D0127770FF400788ED8 /* Debug */,
				33AB1D0227770FF400788ED8 /* Release */,
			);
			defaultConfigurationIsVisible = 0;
			defaultConfigurationName = Release;
		};
		33AB1D0327770FF400788ED8 /* Build configuration list for PBXNativeTarget "HW2UITests" */ = {
			isa = XCConfigurationList;
			buildConfigurations = (
				33AB1D0427770FF400788ED8 /* Debug */,
				33AB1D0527770FF400788ED8 /* Release */,
			);
			defaultConfigurationIsVisible = 0;
			defaultConfigurationName = Release;
		};
/* End XCConfigurationList section */
	};
	rootObject = 33AB1CCB27770FED00788ED8 /* Project object */;
}
